
Microsoft Visual Studio Solution File, Format Version 12.00
# Visual Studio Version 17
VisualStudioVersion = 17.0.32126.317
MinimumVisualStudioVersion = 10.0.40219.1
Project("{FAE04EC0-301F-11D3-BF4B-00C04F79EFBC}") = "路径", "路径\路径.csproj", "{F5D3E4BA-CA20-4FFA-B619-13873C83A900}"
EndProject
Global
	GlobalSection(SolutionConfigurationPlatforms) = preSolution
		Debug|Any CPU = Debug|Any CPU
		Release|Any CPU = Release|Any CPU
	EndGlobalSection
	GlobalSection(ProjectConfigurationPlatforms) = postSolution
		{F5D3E4BA-CA20-4FFA-B619-13873C83A900}.Debug|Any CPU.ActiveCfg = Debug|Any CPU
		{F5D3E4BA-CA20-4FFA-B619-13873C83A900}.Debug|Any CPU.Build.0 = Debug|Any CPU
		{F5D3E4BA-CA20-4FFA-B619-13873C83A900}.Release|Any CPU.ActiveCfg = Release|Any CPU
		{F5D3E4BA-CA20-4FFA-B619-13873C83A900}.Release|Any CPU.Build.0 = Release|Any CPU
	EndGlobalSection
	GlobalSection(SolutionProperties) = preSolution
		HideSolutionNode = FALSE
	EndGlobalSection
	GlobalSection(ExtensibilityGlobals) = postSolution
		SolutionGuid = {6EA6C45B-C9DF-43B1-A5B3-1AD9C320A725}
	EndGlobalSection
EndGlobal
